
Microsoft Visual Studio Solution File, Format Version 10.00
# Visual Studio 2008
Project("{FAE04EC0-301F-11D3-BF4B-00C04F79EFBC}") = "tinyAsn1", "tinyAsn1\tinyAsn1.csproj", "{AA87CFEC-3291-4F26-8ACC-3FDD380805D5}"
EndProject
Project("{FAE04EC0-301F-11D3-BF4B-00C04F79EFBC}") = "asn1scc", "asn1cc\asn1scc.csproj", "{699A8418-D632-4C0C-9A1E-1938F6313F31}"
EndProject
Project("{FAE04EC0-301F-11D3-BF4B-00C04F79EFBC}") = "autoICD", "autoICD\autoICD.csproj", "{8E158748-B327-45FA-A0F0-60024667118D}"
EndProject
Project("{8BC9CEB8-8B4A-11D0-8D11-00A0C91BC942}") = "asn1crt", "asn1crt\asn1crt.vcproj", "{6094FC85-8CE9-4716-9255-41C428F3B9EA}"
EndProject
Project("{8BC9CEB8-8B4A-11D0-8D11-00A0C91BC942}") = "testApp", "testApp\testApp.vcproj", "{917B3178-E212-409A-A1F6-3A60971D98F2}"
	ProjectSection(ProjectDependencies) = postProject
		{6094FC85-8CE9-4716-9255-41C428F3B9EA} = {6094FC85-8CE9-4716-9255-41C428F3B9EA}
		{699A8418-D632-4C0C-9A1E-1938F6313F31} = {699A8418-D632-4C0C-9A1E-1938F6313F31}
	EndProjectSection
EndProject
Project("{54435603-DBB4-11D2-8724-00A0C9A8B90C}") = "asn1scc_setup", "asn1scc_setup\asn1scc_setup.vdproj", "{312E09DA-701E-4E97-B6A8-2C3FDFF02113}"
EndProject
Project("{FAE04EC0-301F-11D3-BF4B-00C04F79EFBC}") = "AntrlParser", "AntrlParser\AntrlParser.csproj", "{029A06B3-D105-43EE-847B-30456C9F1F48}"
EndProject
Project("{FAE04EC0-301F-11D3-BF4B-00C04F79EFBC}") = "asn1csharp", "asn1csharp\asn1csharp.csproj", "{28A29C5F-D7E5-4342-A6A6-F6E5556D4E18}"
EndProject
Project("{FAE04EC0-301F-11D3-BF4B-00C04F79EFBC}") = "CSharpAsn1CRT", "CSharpAsn1CRT\CSharpAsn1CRT.csproj", "{FE21F61E-EC00-4DFF-86E9-BB2F8E9D7CB0}"
EndProject
Project("{FAE04EC0-301F-11D3-BF4B-00C04F79EFBC}") = "CSharpAsn1Test", "CSharpAsn1Test\CSharpAsn1Test.csproj", "{CCBDBEB4-4354-4FEE-86D1-DA51A52A1302}"
EndProject
Project("{FAE04EC0-301F-11D3-BF4B-00C04F79EFBC}") = "Publish", "Publish\Publish.csproj", "{C357E4ED-CE3F-4D1A-9744-8FEA362B35C5}"
EndProject
Project("{FAE04EC0-301F-11D3-BF4B-00C04F79EFBC}") = "Util", "Util\Util.csproj", "{EA7C291B-8B03-4D02-906A-87561F46278F}"
EndProject
Project("{FAE04EC0-301F-11D3-BF4B-00C04F79EFBC}") = "TapLib.net", "TapLib.net\TapLib.net.csproj", "{56405B5B-C0D8-474B-8AFA-6900A171E718}"
EndProject
Project("{FAE04EC0-301F-11D3-BF4B-00C04F79EFBC}") = "Tap2Xml.net", "Tap2Xml.net\Tap2Xml.net.csproj", "{335F1E91-D5F5-4D0E-9EA4-1E80FD40DADF}"
EndProject
Project("{FAE04EC0-301F-11D3-BF4B-00C04F79EFBC}") = "BERDump", "BERDump\BERDump.csproj", "{61B88F25-A86B-4567-A6C5-995A4D5A4040}"
EndProject
Project("{FAE04EC0-301F-11D3-BF4B-00C04F79EFBC}") = "Tap2XML-DNA", "Tap2XML-DNA\Tap2XML-DNA.csproj", "{B5E721CB-7738-4CF0-B73E-BD7A39E03CE7}"
EndProject
Project("{FAE04EC0-301F-11D3-BF4B-00C04F79EFBC}") = "Tap2XML-DNA-Win", "Tap2XML-DNA-Win\Tap2XML-DNA-Win.csproj", "{27E923AB-691D-43BD-8DE0-21E043923AA9}"
EndProject
Global
	GlobalSection(SolutionConfigurationPlatforms) = preSolution
		Debug|Any CPU = Debug|Any CPU
		Debug|Mixed Platforms = Debug|Mixed Platforms
		Debug|Win32 = Debug|Win32
		Release|Any CPU = Release|Any CPU
		Release|Mixed Platforms = Release|Mixed Platforms
		Release|Win32 = Release|Win32
	EndGlobalSection
	GlobalSection(ProjectConfigurationPlatforms) = postSolution
		{AA87CFEC-3291-4F26-8ACC-3FDD380805D5}.Debug|Any CPU.ActiveCfg = Debug|Any CPU
		{AA87CFEC-3291-4F26-8ACC-3FDD380805D5}.Debug|Any CPU.Build.0 = Debug|Any CPU
		{AA87CFEC-3291-4F26-8ACC-3FDD380805D5}.Debug|Mixed Platforms.ActiveCfg = Debug|Any CPU
		{AA87CFEC-3291-4F26-8ACC-3FDD380805D5}.Debug|Mixed Platforms.Build.0 = Debug|Any CPU
		{AA87CFEC-3291-4F26-8ACC-3FDD380805D5}.Debug|Win32.ActiveCfg = Debug|Any CPU
		{AA87CFEC-3291-4F26-8ACC-3FDD380805D5}.Release|Any CPU.ActiveCfg = Release|Any CPU
		{AA87CFEC-3291-4F26-8ACC-3FDD380805D5}.Release|Any CPU.Build.0 = Release|Any CPU
		{AA87CFEC-3291-4F26-8ACC-3FDD380805D5}.Release|Mixed Platforms.ActiveCfg = Release|Any CPU
		{AA87CFEC-3291-4F26-8ACC-3FDD380805D5}.Release|Mixed Platforms.Build.0 = Release|Any CPU
		{AA87CFEC-3291-4F26-8ACC-3FDD380805D5}.Release|Win32.ActiveCfg = Release|Any CPU
		{699A8418-D632-4C0C-9A1E-1938F6313F31}.Debug|Any CPU.ActiveCfg = Debug|Any CPU
		{699A8418-D632-4C0C-9A1E-1938F6313F31}.Debug|Any CPU.Build.0 = Debug|Any CPU
		{699A8418-D632-4C0C-9A1E-1938F6313F31}.Debug|Mixed Platforms.ActiveCfg = Debug|Any CPU
		{699A8418-D632-4C0C-9A1E-1938F6313F31}.Debug|Mixed Platforms.Build.0 = Debug|Any CPU
		{699A8418-D632-4C0C-9A1E-1938F6313F31}.Debug|Win32.ActiveCfg = Debug|Any CPU
		{699A8418-D632-4C0C-9A1E-1938F6313F31}.Release|Any CPU.ActiveCfg = Release|Any CPU
		{699A8418-D632-4C0C-9A1E-1938F6313F31}.Release|Any CPU.Build.0 = Release|Any CPU
		{699A8418-D632-4C0C-9A1E-1938F6313F31}.Release|Mixed Platforms.ActiveCfg = Release|Any CPU
		{699A8418-D632-4C0C-9A1E-1938F6313F31}.Release|Mixed Platforms.Build.0 = Release|Any CPU
		{699A8418-D632-4C0C-9A1E-1938F6313F31}.Release|Win32.ActiveCfg = Release|Any CPU
		{8E158748-B327-45FA-A0F0-60024667118D}.Debug|Any CPU.ActiveCfg = Debug|Any CPU
		{8E158748-B327-45FA-A0F0-60024667118D}.Debug|Any CPU.Build.0 = Debug|Any CPU
		{8E158748-B327-45FA-A0F0-60024667118D}.Debug|Mixed Platforms.ActiveCfg = Debug|Any CPU
		{8E158748-B327-45FA-A0F0-60024667118D}.Debug|Mixed Platforms.Build.0 = Debug|Any CPU
		{8E158748-B327-45FA-A0F0-60024667118D}.Debug|Win32.ActiveCfg = Debug|Any CPU
		{8E158748-B327-45FA-A0F0-60024667118D}.Release|Any CPU.ActiveCfg = Release|Any CPU
		{8E158748-B327-45FA-A0F0-60024667118D}.Release|Any CPU.Build.0 = Release|Any CPU
		{8E158748-B327-45FA-A0F0-60024667118D}.Release|Mixed Platforms.ActiveCfg = Release|Any CPU
		{8E158748-B327-45FA-A0F0-60024667118D}.Release|Mixed Platforms.Build.0 = Release|Any CPU
		{8E158748-B327-45FA-A0F0-60024667118D}.Release|Win32.ActiveCfg = Release|Any CPU
		{6094FC85-8CE9-4716-9255-41C428F3B9EA}.Debug|Any CPU.ActiveCfg = Debug|Win32
		{6094FC85-8CE9-4716-9255-41C428F3B9EA}.Debug|Mixed Platforms.ActiveCfg = Debug|Win32
		{6094FC85-8CE9-4716-9255-41C428F3B9EA}.Debug|Mixed Platforms.Build.0 = Debug|Win32
		{6094FC85-8CE9-4716-9255-41C428F3B9EA}.Debug|Win32.ActiveCfg = Debug|Win32
		{6094FC85-8CE9-4716-9255-41C428F3B9EA}.Debug|Win32.Build.0 = Debug|Win32
		{6094FC85-8CE9-4716-9255-41C428F3B9EA}.Release|Any CPU.ActiveCfg = Release|Win32
		{6094FC85-8CE9-4716-9255-41C428F3B9EA}.Release|Mixed Platforms.ActiveCfg = Release|Win32
		{6094FC85-8CE9-4716-9255-41C428F3B9EA}.Release|Mixed Platforms.Build.0 = Release|Win32
		{6094FC85-8CE9-4716-9255-41C428F3B9EA}.Release|Win32.ActiveCfg = Release|Win32
		{6094FC85-8CE9-4716-9255-41C428F3B9EA}.Release|Win32.Build.0 = Release|Win32
		{917B3178-E212-409A-A1F6-3A60971D98F2}.Debug|Any CPU.ActiveCfg = Debug|Win32
		{917B3178-E212-409A-A1F6-3A60971D98F2}.Debug|Mixed Platforms.ActiveCfg = Debug|Win32
		{917B3178-E212-409A-A1F6-3A60971D98F2}.Debug|Mixed Platforms.Build.0 = Debug|Win32
		{917B3178-E212-409A-A1F6-3A60971D98F2}.Debug|Win32.ActiveCfg = Debug|Win32
		{917B3178-E212-409A-A1F6-3A60971D98F2}.Debug|Win32.Build.0 = Debug|Win32
		{917B3178-E212-409A-A1F6-3A60971D98F2}.Release|Any CPU.ActiveCfg = Release|Win32
		{917B3178-E212-409A-A1F6-3A60971D98F2}.Release|Mixed Platforms.ActiveCfg = Release|Win32
		{917B3178-E212-409A-A1F6-3A60971D98F2}.Release|Mixed Platforms.Build.0 = Release|Win32
		{917B3178-E212-409A-A1F6-3A60971D98F2}.Release|Win32.ActiveCfg = Release|Win32
		{917B3178-E212-409A-A1F6-3A60971D98F2}.Release|Win32.Build.0 = Release|Win32
		{312E09DA-701E-4E97-B6A8-2C3FDFF02113}.Debug|Any CPU.ActiveCfg = Debug
		{312E09DA-701E-4E97-B6A8-2C3FDFF02113}.Debug|Mixed Platforms.ActiveCfg = Debug
		{312E09DA-701E-4E97-B6A8-2C3FDFF02113}.Debug|Win32.ActiveCfg = Debug
		{312E09DA-701E-4E97-B6A8-2C3FDFF02113}.Release|Any CPU.ActiveCfg = Release
		{312E09DA-701E-4E97-B6A8-2C3FDFF02113}.Release|Mixed Platforms.ActiveCfg = Release
		{312E09DA-701E-4E97-B6A8-2C3FDFF02113}.Release|Win32.ActiveCfg = Release
		{029A06B3-D105-43EE-847B-30456C9F1F48}.Debug|Any CPU.ActiveCfg = Debug|Any CPU
		{029A06B3-D105-43EE-847B-30456C9F1F48}.Debug|Any CPU.Build.0 = Debug|Any CPU
		{029A06B3-D105-43EE-847B-30456C9F1F48}.Debug|Mixed Platforms.ActiveCfg = Debug|Any CPU
		{029A06B3-D105-43EE-847B-30456C9F1F48}.Debug|Mixed Platforms.Build.0 = Debug|Any CPU
		{029A06B3-D105-43EE-847B-30456C9F1F48}.Debug|Win32.ActiveCfg = Debug|Any CPU
		{029A06B3-D105-43EE-847B-30456C9F1F48}.Release|Any CPU.ActiveCfg = Release|Any CPU
		{029A06B3-D105-43EE-847B-30456C9F1F48}.Release|Any CPU.Build.0 = Release|Any CPU
		{029A06B3-D105-43EE-847B-30456C9F1F48}.Release|Mixed Platforms.ActiveCfg = Release|Any CPU
		{029A06B3-D105-43EE-847B-30456C9F1F48}.Release|Mixed Platforms.Build.0 = Release|Any CPU
		{029A06B3-D105-43EE-847B-30456C9F1F48}.Release|Win32.ActiveCfg = Release|Any CPU
		{28A29C5F-D7E5-4342-A6A6-F6E5556D4E18}.Debug|Any CPU.ActiveCfg = Debug|Any CPU
		{28A29C5F-D7E5-4342-A6A6-F6E5556D4E18}.Debug|Any CPU.Build.0 = Debug|Any CPU
		{28A29C5F-D7E5-4342-A6A6-F6E5556D4E18}.Debug|Mixed Platforms.ActiveCfg = Debug|Any CPU
		{28A29C5F-D7E5-4342-A6A6-F6E5556D4E18}.Debug|Mixed Platforms.Build.0 = Debug|Any CPU
		{28A29C5F-D7E5-4342-A6A6-F6E5556D4E18}.Debug|Win32.ActiveCfg = Debug|Any CPU
		{28A29C5F-D7E5-4342-A6A6-F6E5556D4E18}.Release|Any CPU.ActiveCfg = Release|Any CPU
		{28A29C5F-D7E5-4342-A6A6-F6E5556D4E18}.Release|Any CPU.Build.0 = Release|Any CPU
		{28A29C5F-D7E5-4342-A6A6-F6E5556D4E18}.Release|Mixed Platforms.ActiveCfg = Release|Any CPU
		{28A29C5F-D7E5-4342-A6A6-F6E5556D4E18}.Release|Mixed Platforms.Build.0 = Release|Any CPU
		{28A29C5F-D7E5-4342-A6A6-F6E5556D4E18}.Release|Win32.ActiveCfg = Release|Any CPU
		{FE21F61E-EC00-4DFF-86E9-BB2F8E9D7CB0}.Debug|Any CPU.ActiveCfg = Debug|Any CPU
		{FE21F61E-EC00-4DFF-86E9-BB2F8E9D7CB0}.Debug|Any CPU.Build.0 = Debug|Any CPU
		{FE21F61E-EC00-4DFF-86E9-BB2F8E9D7CB0}.Debug|Mixed Platforms.ActiveCfg = Debug|Any CPU
		{FE21F61E-EC00-4DFF-86E9-BB2F8E9D7CB0}.Debug|Mixed Platforms.Build.0 = Debug|Any CPU
		{FE21F61E-EC00-4DFF-86E9-BB2F8E9D7CB0}.Debug|Win32.ActiveCfg = Debug|Any CPU
		{FE21F61E-EC00-4DFF-86E9-BB2F8E9D7CB0}.Release|Any CPU.ActiveCfg = Release|Any CPU
		{FE21F61E-EC00-4DFF-86E9-BB2F8E9D7CB0}.Release|Any CPU.Build.0 = Release|Any CPU
		{FE21F61E-EC00-4DFF-86E9-BB2F8E9D7CB0}.Release|Mixed Platforms.ActiveCfg = Release|Any CPU
		{FE21F61E-EC00-4DFF-86E9-BB2F8E9D7CB0}.Release|Mixed Platforms.Build.0 = Release|Any CPU
		{FE21F61E-EC00-4DFF-86E9-BB2F8E9D7CB0}.Release|Win32.ActiveCfg = Release|Any CPU
		{CCBDBEB4-4354-4FEE-86D1-DA51A52A1302}.Debug|Any CPU.ActiveCfg = Debug|Any CPU
		{CCBDBEB4-4354-4FEE-86D1-DA51A52A1302}.Debug|Any CPU.Build.0 = Debug|Any CPU
		{CCBDBEB4-4354-4FEE-86D1-DA51A52A1302}.Debug|Mixed Platforms.ActiveCfg = Debug|Any CPU
		{CCBDBEB4-4354-4FEE-86D1-DA51A52A1302}.Debug|Mixed Platforms.Build.0 = Debug|Any CPU
		{CCBDBEB4-4354-4FEE-86D1-DA51A52A1302}.Debug|Win32.ActiveCfg = Debug|Any CPU
		{CCBDBEB4-4354-4FEE-86D1-DA51A52A1302}.Release|Any CPU.ActiveCfg = Release|Any CPU
		{CCBDBEB4-4354-4FEE-86D1-DA51A52A1302}.Release|Any CPU.Build.0 = Release|Any CPU
		{CCBDBEB4-4354-4FEE-86D1-DA51A52A1302}.Release|Mixed Platforms.ActiveCfg = Release|Any CPU
		{CCBDBEB4-4354-4FEE-86D1-DA51A52A1302}.Release|Mixed Platforms.Build.0 = Release|Any CPU
		{CCBDBEB4-4354-4FEE-86D1-DA51A52A1302}.Release|Win32.ActiveCfg = Release|Any CPU
		{C357E4ED-CE3F-4D1A-9744-8FEA362B35C5}.Debug|Any CPU.ActiveCfg = Debug|Any CPU
		{C357E4ED-CE3F-4D1A-9744-8FEA362B35C5}.Debug|Any CPU.Build.0 = Debug|Any CPU
		{C357E4ED-CE3F-4D1A-9744-8FEA362B35C5}.Debug|Mixed Platforms.ActiveCfg = Debug|Any CPU
		{C357E4ED-CE3F-4D1A-9744-8FEA362B35C5}.Debug|Mixed Platforms.Build.0 = Debug|Any CPU
		{C357E4ED-CE3F-4D1A-9744-8FEA362B35C5}.Debug|Win32.ActiveCfg = Debug|Any CPU
		{C357E4ED-CE3F-4D1A-9744-8FEA362B35C5}.Release|Any CPU.ActiveCfg = Release|Any CPU
		{C357E4ED-CE3F-4D1A-9744-8FEA362B35C5}.Release|Any CPU.Build.0 = Release|Any CPU
		{C357E4ED-CE3F-4D1A-9744-8FEA362B35C5}.Release|Mixed Platforms.ActiveCfg = Release|Any CPU
		{C357E4ED-CE3F-4D1A-9744-8FEA362B35C5}.Release|Mixed Platforms.Build.0 = Release|Any CPU
		{C357E4ED-CE3F-4D1A-9744-8FEA362B35C5}.Release|Win32.ActiveCfg = Release|Any CPU
		{EA7C291B-8B03-4D02-906A-87561F46278F}.Debug|Any CPU.ActiveCfg = Debug|Any CPU
		{EA7C291B-8B03-4D02-906A-87561F46278F}.Debug|Any CPU.Build.0 = Debug|Any CPU
		{EA7C291B-8B03-4D02-906A-87561F46278F}.Debug|Mixed Platforms.ActiveCfg = Debug|Any CPU
		{EA7C291B-8B03-4D02-906A-87561F46278F}.Debug|Mixed Platforms.Build.0 = Debug|Any CPU
		{EA7C291B-8B03-4D02-906A-87561F46278F}.Debug|Win32.ActiveCfg = Debug|Any CPU
		{EA7C291B-8B03-4D02-906A-87561F46278F}.Release|Any CPU.ActiveCfg = Release|Any CPU
		{EA7C291B-8B03-4D02-906A-87561F46278F}.Release|Any CPU.Build.0 = Release|Any CPU
		{EA7C291B-8B03-4D02-906A-87561F46278F}.Release|Mixed Platforms.ActiveCfg = Release|Any CPU
		{EA7C291B-8B03-4D02-906A-87561F46278F}.Release|Mixed Platforms.Build.0 = Release|Any CPU
		{EA7C291B-8B03-4D02-906A-87561F46278F}.Release|Win32.ActiveCfg = Release|Any CPU
		{56405B5B-C0D8-474B-8AFA-6900A171E718}.Debug|Any CPU.ActiveCfg = Debug|Any CPU
		{56405B5B-C0D8-474B-8AFA-6900A171E718}.Debug|Any CPU.Build.0 = Debug|Any CPU
		{56405B5B-C0D8-474B-8AFA-6900A171E718}.Debug|Mixed Platforms.ActiveCfg = Debug|Any CPU
		{56405B5B-C0D8-474B-8AFA-6900A171E718}.Debug|Mixed Platforms.Build.0 = Debug|Any CPU
		{56405B5B-C0D8-474B-8AFA-6900A171E718}.Debug|Win32.ActiveCfg = Debug|Any CPU
		{56405B5B-C0D8-474B-8AFA-6900A171E718}.Release|Any CPU.ActiveCfg = Release|Any CPU
		{56405B5B-C0D8-474B-8AFA-6900A171E718}.Release|Any CPU.Build.0 = Release|Any CPU
		{56405B5B-C0D8-474B-8AFA-6900A171E718}.Release|Mixed Platforms.ActiveCfg = Release|Any CPU
		{56405B5B-C0D8-474B-8AFA-6900A171E718}.Release|Mixed Platforms.Build.0 = Release|Any CPU
		{56405B5B-C0D8-474B-8AFA-6900A171E718}.Release|Win32.ActiveCfg = Release|Any CPU
		{335F1E91-D5F5-4D0E-9EA4-1E80FD40DADF}.Debug|Any CPU.ActiveCfg = Debug|Any CPU
		{335F1E91-D5F5-4D0E-9EA4-1E80FD40DADF}.Debug|Any CPU.Build.0 = Debug|Any CPU
		{335F1E91-D5F5-4D0E-9EA4-1E80FD40DADF}.Debug|Mixed Platforms.ActiveCfg = Debug|Any CPU
		{335F1E91-D5F5-4D0E-9EA4-1E80FD40DADF}.Debug|Mixed Platforms.Build.0 = Debug|Any CPU
		{335F1E91-D5F5-4D0E-9EA4-1E80FD40DADF}.Debug|Win32.ActiveCfg = Debug|Any CPU
		{335F1E91-D5F5-4D0E-9EA4-1E80FD40DADF}.Release|Any CPU.ActiveCfg = Release|Any CPU
		{335F1E91-D5F5-4D0E-9EA4-1E80FD40DADF}.Release|Any CPU.Build.0 = Release|Any CPU
		{335F1E91-D5F5-4D0E-9EA4-1E80FD40DADF}.Release|Mixed Platforms.ActiveCfg = Release|Any CPU
		{335F1E91-D5F5-4D0E-9EA4-1E80FD40DADF}.Release|Mixed Platforms.Build.0 = Release|Any CPU
		{335F1E91-D5F5-4D0E-9EA4-1E80FD40DADF}.Release|Win32.ActiveCfg = Release|Any CPU
		{61B88F25-A86B-4567-A6C5-995A4D5A4040}.Debug|Any CPU.ActiveCfg = Debug|Any CPU
		{61B88F25-A86B-4567-A6C5-995A4D5A4040}.Debug|Any CPU.Build.0 = Debug|Any CPU
		{61B88F25-A86B-4567-A6C5-995A4D5A4040}.Debug|Mixed Platforms.ActiveCfg = Debug|Any CPU
		{61B88F25-A86B-4567-A6C5-995A4D5A4040}.Debug|Mixed Platforms.Build.0 = Debug|Any CPU
		{61B88F25-A86B-4567-A6C5-995A4D5A4040}.Debug|Win32.ActiveCfg = Debug|Any CPU
		{61B88F25-A86B-4567-A6C5-995A4D5A4040}.Release|Any CPU.ActiveCfg = Release|Any CPU
		{61B88F25-A86B-4567-A6C5-995A4D5A4040}.Release|Any CPU.Build.0 = Release|Any CPU
		{61B88F25-A86B-4567-A6C5-995A4D5A4040}.Release|Mixed Platforms.ActiveCfg = Release|Any CPU
		{61B88F25-A86B-4567-A6C5-995A4D5A4040}.Release|Mixed Platforms.Build.0 = Release|Any CPU
		{61B88F25-A86B-4567-A6C5-995A4D5A4040}.Release|Win32.ActiveCfg = Release|Any CPU
		{B5E721CB-7738-4CF0-B73E-BD7A39E03CE7}.Debug|Any CPU.ActiveCfg = Debug|Any CPU
		{B5E721CB-7738-4CF0-B73E-BD7A39E03CE7}.Debug|Any CPU.Build.0 = Debug|Any CPU
		{B5E721CB-7738-4CF0-B73E-BD7A39E03CE7}.Debug|Mixed Platforms.ActiveCfg = Debug|Any CPU
		{B5E721CB-7738-4CF0-B73E-BD7A39E03CE7}.Debug|Mixed Platforms.Build.0 = Debug|Any CPU
		{B5E721CB-7738-4CF0-B73E-BD7A39E03CE7}.Debug|Win32.ActiveCfg = Debug|Any CPU
		{B5E721CB-7738-4CF0-B73E-BD7A39E03CE7}.Release|Any CPU.ActiveCfg = Release|Any CPU
		{B5E721CB-7738-4CF0-B73E-BD7A39E03CE7}.Release|Any CPU.Build.0 = Release|Any CPU
		{B5E721CB-7738-4CF0-B73E-BD7A39E03CE7}.Release|Mixed Platforms.ActiveCfg = Release|Any CPU
		{B5E721CB-7738-4CF0-B73E-BD7A39E03CE7}.Release|Mixed Platforms.Build.0 = Release|Any CPU
		{B5E721CB-7738-4CF0-B73E-BD7A39E03CE7}.Release|Win32.ActiveCfg = Release|Any CPU
		{27E923AB-691D-43BD-8DE0-21E043923AA9}.Debug|Any CPU.ActiveCfg = Debug|Any CPU
		{27E923AB-691D-43BD-8DE0-21E043923AA9}.Debug|Any CPU.Build.0 = Debug|Any CPU
		{27E923AB-691D-43BD-8DE0-21E043923AA9}.Debug|Mixed Platforms.ActiveCfg = Debug|Any CPU
		{27E923AB-691D-43BD-8DE0-21E043923AA9}.Debug|Mixed Platforms.Build.0 = Debug|Any CPU
		{27E923AB-691D-43BD-8DE0-21E043923AA9}.Debug|Win32.ActiveCfg = Debug|Any CPU
		{27E923AB-691D-43BD-8DE0-21E043923AA9}.Release|Any CPU.ActiveCfg = Release|Any CPU
		{27E923AB-691D-43BD-8DE0-21E043923AA9}.Release|Any CPU.Build.0 = Release|Any CPU
		{27E923AB-691D-43BD-8DE0-21E043923AA9}.Release|Mixed Platforms.ActiveCfg = Release|Any CPU
		{27E923AB-691D-43BD-8DE0-21E043923AA9}.Release|Mixed Platforms.Build.0 = Release|Any CPU
		{27E923AB-691D-43BD-8DE0-21E043923AA9}.Release|Win32.ActiveCfg = Release|Any CPU
	EndGlobalSection
	GlobalSection(SolutionProperties) = preSolution
		HideSolutionNode = FALSE
	EndGlobalSection
EndGlobal
